Microsoft Visual Studio Solution File, Format Version 12.00
# Visual Studio Version 17
VisualStudioVersion = 17.5.2.0
MinimumVisualStudioVersion = 10.0.40219.1
Project("{FAE04EC0-301F-11D3-BF4B-00C04F79EFBC}") = "SplititActorsApi", "SplititActorsApi.csproj", "{7DE5B7E3-07D2-B6AA-7815-0F94D63882B4}"
EndProject
Global
	GlobalSection(SolutionConfigurationPlatforms) = preSolution
		Debug|Any CPU = Debug|Any CPU
		Release|Any CPU = Release|Any CPU
	EndGlobalSection
	GlobalSection(ProjectConfigurationPlatforms) = postSolution
		{7DE5B7E3-07D2-B6AA-7815-0F94D63882B4}.Debug|Any CPU.ActiveCfg = Debug|Any CPU
		{7DE5B7E3-07D2-B6AA-7815-0F94D63882B4}.Debug|Any CPU.Build.0 = Debug|Any CPU
		{7DE5B7E3-07D2-B6AA-7815-0F94D63882B4}.Release|Any CPU.ActiveCfg = Release|Any CPU
		{7DE5B7E3-07D2-B6AA-7815-0F94D63882B4}.Release|Any CPU.Build.0 = Release|Any CPU
	EndGlobalSection
	GlobalSection(SolutionProperties) = preSolution
		HideSolutionNode = FALSE
	EndGlobalSection
	GlobalSection(ExtensibilityGlobals) = postSolution
		SolutionGuid = {F1330592-5DBF-4823-B049-A9EA28DC4CC6}
	EndGlobalSection
EndGlobal
